
Microsoft Visual Studio Solution File, Format Version 12.00
# Visual Studio 15
VisualStudioVersion = 15.0.27703.2047
MinimumVisualStudioVersion = 10.0.40219.1
Project("{FAE04EC0-301F-11D3-BF4B-00C04F79EFBC}") = "StandardProject", "StandardProject\StandardProject.csproj", "{02A47792-1BA2-46B1-8F50-0E7C14246EAE}"
EndProject
Project("{FAE04EC0-301F-11D3-BF4B-00C04F79EFBC}") = "FrameworkProject", "FrameworkProject\FrameworkProject.csproj", "{54B1EE7F-A811-4BB4-93AC-97F8DFE3C738}"
EndProject
Global
	GlobalSection(SolutionConfigurationPlatforms) = preSolution
		Debug|Any CPU = Debug|Any CPU
		Release|Any CPU = Release|Any CPU
	EndGlobalSection
	GlobalSection(ProjectConfigurationPlatforms) = postSolution
		{02A47792-1BA2-46B1-8F50-0E7C14246EAE}.Debug|Any CPU.ActiveCfg = Debug|Any CPU
		{02A47792-1BA2-46B1-8F50-0E7C14246EAE}.Debug|Any CPU.Build.0 = Debug|Any CPU
		{02A47792-1BA2-46B1-8F50-0E7C14246EAE}.Release|Any CPU.ActiveCfg = Release|Any CPU
		{02A47792-1BA2-46B1-8F50-0E7C14246EAE}.Release|Any CPU.Build.0 = Release|Any CPU
		{54B1EE7F-A811-4BB4-93AC-97F8DFE3C738}.Debug|Any CPU.ActiveCfg = Debug|Any CPU
		{54B1EE7F-A811-4BB4-93AC-97F8DFE3C738}.Debug|Any CPU.Build.0 = Debug|Any CPU
		{54B1EE7F-A811-4BB4-93AC-97F8DFE3C738}.Release|Any CPU.ActiveCfg = Release|Any CPU
		{54B1EE7F-A811-4BB4-93AC-97F8DFE3C738}.Release|Any CPU.Build.0 = Release|Any CPU
	EndGlobalSection
	GlobalSection(SolutionProperties) = preSolution
		HideSolutionNode = FALSE
	EndGlobalSection
	GlobalSection(ExtensibilityGlobals) = postSolution
		SolutionGuid = {EAC78925-660F-4DF2-B750-523A7226C335}
	EndGlobalSection
EndGlobal
